Microsoft Visual Studio Solution File, Format Version 11.00
# Visual Studio 2008

Project("{D1C60ACA-F0CB-BCBB-8FAA-EFC0C2A4FEDB}") = "ps4Test_xboxMAp", "Assembly-CSharp-firstpass.csproj", "{C3EE8F15-6E8A-4894-7D0D-371C04F5C478}"
EndProject
Project("{D1C60ACA-F0CB-BCBB-8FAA-EFC0C2A4FEDB}") = "ps4Test_xboxMAp", "Assembly-CSharp.csproj", "{0C7CC13F-CCE9-3F8B-703D-09A4D52AE2AB}"
EndProject
Project("{D1C60ACA-F0CB-BCBB-8FAA-EFC0C2A4FEDB}") = "ps4Test_xboxMAp", "Assembly-UnityScript-firstpass.unityproj", "{8F365FEC-793D-DD84-58CD-A627F213675E}"
EndProject
Global
	GlobalSection(SolutionConfigurationPlatforms) = preSolution
		Debug|Any CPU = Debug|Any CPU
		Release|Any CPU = Release|Any CPU
	EndGlobalSection
	GlobalSection(ProjectConfigurationPlatforms) = postSolution
		{C3EE8F15-6E8A-4894-7D0D-371C04F5C478}.Debug|Any CPU.ActiveCfg = Debug|Any CPU
		{C3EE8F15-6E8A-4894-7D0D-371C04F5C478}.Debug|Any CPU.Build.0 = Debug|Any CPU
		{C3EE8F15-6E8A-4894-7D0D-371C04F5C478}.Release|Any CPU.ActiveCfg = Release|Any CPU
		{C3EE8F15-6E8A-4894-7D0D-371C04F5C478}.Release|Any CPU.Build.0 = Release|Any CPU
		{0C7CC13F-CCE9-3F8B-703D-09A4D52AE2AB}.Debug|Any CPU.ActiveCfg = Debug|Any CPU
		{0C7CC13F-CCE9-3F8B-703D-09A4D52AE2AB}.Debug|Any CPU.Build.0 = Debug|Any CPU
		{0C7CC13F-CCE9-3F8B-703D-09A4D52AE2AB}.Release|Any CPU.ActiveCfg = Release|Any CPU
		{0C7CC13F-CCE9-3F8B-703D-09A4D52AE2AB}.Release|Any CPU.Build.0 = Release|Any CPU
		{8F365FEC-793D-DD84-58CD-A627F213675E}.Debug|Any CPU.ActiveCfg = Debug|Any CPU
		{8F365FEC-793D-DD84-58CD-A627F213675E}.Debug|Any CPU.Build.0 = Debug|Any CPU
		{8F365FEC-793D-DD84-58CD-A627F213675E}.Release|Any CPU.ActiveCfg = Release|Any CPU
		{8F365FEC-793D-DD84-58CD-A627F213675E}.Release|Any CPU.Build.0 = Release|Any CPU
	EndGlobalSection
	GlobalSection(SolutionProperties) = preSolution
		HideSolutionNode = FALSE
	EndGlobalSection
	GlobalSection(MonoDevelopProperties) = preSolution
		StartupItem = Assembly-CSharp.csproj
		Policies = $0
		$0.TextStylePolicy = $1
		$1.inheritsSet = null
		$1.scope = text/x-csharp
		$0.CSharpFormattingPolicy = $2
		$2.inheritsSet = Mono
		$2.inheritsScope = text/x-csharp
		$2.scope = text/x-csharp
		$0.TextStylePolicy = $3
		$3.FileWidth = 120
		$3.TabWidth = 4
		$3.EolMarker = Unix
		$3.inheritsSet = Mono
		$3.inheritsScope = text/plain
		$3.scope = text/plain
	EndGlobalSection
EndGlobal
